{
    "_readme": [
        "This file locks the dependencies of your project to a known state",
        "Read more about it at https://getcomposer.org/doc/01-basic-usage.md#composer-lock-the-lock-file",
        "This file is @generated automatically"
    ],
    "hash": "aa303a2c0fbaf6483e8ba3ed61c2c420",
    "content-hash": "bc833a6e4d04d72bc9fb3fa114c0d889",
    "packages": [
        {
            "name": "semantic/ui",
            "version": "2.1.8",
            "source": {
                "type": "git",
                "url": "https://github.com/Semantic-Org/Semantic-UI.git",
                "reference": "04a3c48a0dd3bd9b440b59036004409239a6db16"
            },
            "dist": {
                "type": "zip",
                "url": "https://api.github.com/repos/Semantic-Org/Semantic-UI/zipball/04a3c48a0dd3bd9b440b59036004409239a6db16",
                "reference": "04a3c48a0dd3bd9b440b59036004409239a6db16",
                "shasum": ""
            },
            "type": "library",
            "notification-url": "https://packagist.org/downloads/",
            "license": [
                "MIT"
            ],
            "authors": [
                {
                    "name": "Jack Lukic",
                    "email": "jacklukic@gmail.com",
                    "homepage": "http://www.jacklukic.com",
                    "role": "Creator"
                }
            ],
            "description": "Semantic empowers designers and developers by creating a shared vocabulary for UI.",
            "homepage": "http://www.semantic-ui.com",
            "keywords": [
                "css",
                "framework",
                "semantic",
                "ui"
            ],
            "time": "2016-01-08 04:45:47"
        }
    ],
    "packages-dev": [
        {
            "name": "mikey179/vfsStream",
            "version": "v1.1.0",
            "source": {
                "type": "git",
                "url": "https://github.com/mikey179/vfsStream.git",
                "reference": "fc0fe8f4d0b527254a2dc45f0c265567c881d07e"
            },
            "dist": {
                "type": "zip",
                "url": "https://api.github.com/repos/mikey179/vfsStream/zipball/fc0fe8f4d0b527254a2dc45f0c265567c881d07e",
                "reference": "fc0fe8f4d0b527254a2dc45f0c265567c881d07e",
                "shasum": ""
            },
            "require": {
                "php": ">=5.3.0"
            },
            "type": "library",
            "autoload": {
                "psr-0": {
                    "org\\bovigo\\vfs": "src/main/php"
                }
            },
            "notification-url": "https://packagist.org/downloads/",
            "license": [
                "BSD"
            ],
            "homepage": "http://vfs.bovigo.org/",
            "time": "2012-08-25 12:49:29"
        }
    ],
    "aliases": [],
    "minimum-stability": "stable",
    "stability-flags": [],
    "prefer-stable": false,
    "prefer-lowest": false,
    "platform": {
        "php": ">=5.2.4"
    },
    "platform-dev": []
}
